{
  "name": "amplify-react-app",
  "version": "0.1.0",
  "lockfileVersion": 2,
  "requires": true,
  "packages": {
    "": {
      "name": "amplify-react-app",
      "version": "0.1.0",
      "dependencies": {
        "aws-amplify": "^1.1.19",
        "aws-amplify-react": "^2.3.0",
        "aws-iot-device-sdk": "^2.2.1",
        "aws-sdk": "^2.814.0",
        "deepmerge": "^3.2.0",
        "react": "^16.8.1",
        "react-dom": "^16.8.1",
        "react-json-tree": "^0.11.2",
        "react-scripts": "2.1.5"
      },
      "devDependencies": {}
    }
  }
}
